// !$*UTF8*$!
{
	archiveVersion = 1;
	classes = {
	};
	objectVersion = 56;
	objects = {

/* Begin PBXBuildFile section */
		56626C762984A7420028C3BA /* PostTableViewHucre.swift in Sources */ = {isa = PBXBuildFile; fileRef = 56626C752984A7420028C3BA /* PostTableViewHucre.swift */; };
		56626C782984A7F90028C3BA /* Postlar.swift in Sources */ = {isa = PBXBuildFile; fileRef = 56626C772984A7F90028C3BA /* Postlar.swift */; };
		56EFB8572982037E00BDCE9C /* AppDelegate.swift in Sources */ = {isa = PBXBuildFile; fileRef = 56EFB8562982037E00BDCE9C /* AppDelegate.swift */; };
		56EFB8592982037E00BDCE9C /* SceneDelegate.swift in Sources */ = {isa = PBXBuildFile; fileRef = 56EFB8582982037E00BDCE9C /* SceneDelegate.swift */; };
		56EFB85B2982037E00BDCE9C /* ViewController.swift in Sources */ = {isa = PBXBuildFile; fileRef = 56EFB85A2982037E00BDCE9C /* ViewController.swift */; };
		56EFB85E2982037E00BDCE9C /* Main.storyboard in Resources */ = {isa = PBXBuildFile; fileRef = 56EFB85C2982037E00BDCE9C /* Main.storyboard */; };
		56EFB8602982037F00BDCE9C /* Assets.xcassets in Resources */ = {isa = PBXBuildFile; fileRef = 56EFB85F2982037F00BDCE9C /* Assets.xcassets */; };
		56EFB8632982037F00BDCE9C /* LaunchScreen.storyboard in Resources */ = {isa = PBXBuildFile; fileRef = 56EFB8612982037F00BDCE9C /* LaunchScreen.storyboard */; };
/* End PBXBuildFile section */

/* Begin PBXFileReference section */
		56626C752984A7420028C3BA /* PostTableViewHucre.swift */ = {isa = PBXFileReference; lastKnownFileType = sourcecode.swift; path = PostTableViewHucre.swift; sourceTree = "<group>"; };
		56626C772984A7F90028C3BA /* Postlar.swift */ = {isa = PBXFileReference; lastKnownFileType = sourcecode.swift; path = Postlar.swift; sourceTree = "<group>"; };
		56EFB8532982037E00BDCE9C /* Ödev 6.app */ = {isa = PBXFileReference; explicitFileType = wrapper.application; includeInIndex = 0; path = "Ödev 6.app"; sourceTree = BUILT_PRODUCTS_DIR; };
		56EFB8562982037E00BDCE9C /* AppDelegate.swift */ = {isa = PBXFileReference; lastKnownFileType = sourcecode.swift; path = AppDelegate.swift; sourceTree = "<group>"; };
		56EFB8582982037E00BDCE9C /* SceneDelegate.swift */ = {isa = PBXFileReference; lastKnownFileType = sourcecode.swift; path = SceneDelegate.swift; sourceTree = "<group>"; };
		56EFB85A2982037E00BDCE9C /* ViewController.swift */ = {isa = PBXFileReference; lastKnownFileType = sourcecode.swift; path = ViewController.swift; sourceTree = "<group>"; };
		56EFB85D2982037E00BDCE9C /* Base */ = {isa = PBXFileReference; lastKnownFileType = file.storyboard; name = Base; path = Base.lproj/Main.storyboard; sourceTree = "<group>"; };
		56EFB85F2982037F00BDCE9C /* Assets.xcassets */ = {isa = PBXFileReference; lastKnownFileType = folder.assetcatalog; path = Assets.xcassets; sourceTree = "<group>"; };
		56EFB8622982037F00BDCE9C /* Base */ = {isa = PBXFileReference; lastKnownFileType = file.storyboard; name = Base; path = Base.lproj/LaunchScreen.storyboard; sourceTree = "<group>"; };
		56EFB8642982037F00BDCE9C /* Info.plist */ = {isa = PBXFileReference; lastKnownFileType = text.plist.xml; path = Info.plist; sourceTree = "<group>"; };
/* End PBXFileReference section */

/* Begin PBXFrameworksBuildPhase section */
		56EFB8502982037E00BDCE9C /* Frameworks */ = {
			isa = PBXFrameworksBuildPhase;
			buildActionMask = 2147483647;
			files = (
			);
			runOnlyForDeploymentPostprocessing = 0;
		};
/* End PBXFrameworksBuildPhase section */

/* Begin PBXGroup section */
		56EFB84A2982037E00BDCE9C = {
			isa = PBXGroup;
			children = (
				56EFB8552982037E00BDCE9C /* Ödev 6 */,
				56EFB8542982037E00BDCE9C /* Products */,
			);
			sourceTree = "<group>";
		};
		56EFB8542982037E00BDCE9C /* Products */ = {
			isa = PBXGroup;
			children = (
				56EFB8532982037E00BDCE9C /* Ödev 6.app */,
			);
			name = Products;
			sourceTree = "<group>";
		};
		56EFB8552982037E00BDCE9C /* Ödev 6 */ = {
			isa = PBXGroup;
			children = (
				56EFB8562982037E00BDCE9C /* AppDelegate.swift */,
				56EFB8582982037E00BDCE9C /* SceneDelegate.swift */,
				56EFB85A2982037E00BDCE9C /* ViewController.swift */,
				56626C772984A7F90028C3BA /* Postlar.swift */,
				56626C752984A7420028C3BA /* PostTableViewHucre.swift */,
				56EFB85C2982037E00BDCE9C /* Main.storyboard */,
				56EFB85F2982037F00BDCE9C /* Assets.xcassets */,
				56EFB8612982037F00BDCE9C /* LaunchScreen.storyboard */,
				56EFB8642982037F00BDCE9C /* Info.plist */,
			);
			path = "Ödev 6";
			sourceTree = "<group>";
		};
/* End PBXGroup section */

/* Begin PBXNativeTarget section */
		56EFB8522982037E00BDCE9C /* Ödev 6 */ = {
			isa = PBXNativeTarget;
			buildConfigurationList = 56EFB8672982037F00BDCE9C /* Build configuration list for PBXNativeTarget "Ödev 6" */;
			buildPhases = (
				56EFB84F2982037E00BDCE9C /* Sources */,
				56EFB8502982037E00BDCE9C /* Frameworks */,
				56EFB8512982037E00BDCE9C /* Resources */,
			);
			buildRules = (
			);
			dependencies = (
			);
			name = "Ödev 6";
			productName = "Ödev 6";
			productReference = 56EFB8532982037E00BDCE9C /* Ödev 6.app */;
			productType = "com.apple.product-type.application";
		};
/* End PBXNativeTarget section */

/* Begin PBXProject section */
		56EFB84B2982037E00BDCE9C /* Project object */ = {
			isa = PBXProject;
			attributes = {
				BuildIndependentTargetsInParallel = 1;
				LastSwiftUpdateCheck = 1420;
				LastUpgradeCheck = 1420;
				TargetAttributes = {
					56EFB8522982037E00BDCE9C = {
						CreatedOnToolsVersion = 14.2;
					};
				};
			};
			buildConfigurationList = 56EFB84E2982037E00BDCE9C /* Build configuration list for PBXProject "Ödev 6" */;
			compatibilityVersion = "Xcode 14.0";
			developmentRegion = en;
			hasScannedForEncodings = 0;
			knownRegions = (
				en,
				Base,
			);
			mainGroup = 56EFB84A2982037E00BDCE9C;
			productRefGroup = 56EFB8542982037E00BDCE9C /* Products */;
			projectDirPath = "";
			projectRoot = "";
			targets = (
				56EFB8522982037E00BDCE9C /* Ödev 6 */,
			);
		};
/* End PBXProject section */

/* Begin PBXResourcesBuildPhase section */
		56EFB8512982037E00BDCE9C /* Resources */ = {
			isa = PBXResourcesBuildPhase;
			buildActionMask = 2147483647;
			files = (
				56EFB8632982037F00BDCE9C /* LaunchScreen.storyboard in Resources */,
				56EFB8602982037F00BDCE9C /* Assets.xcassets in Resources */,
				56EFB85E2982037E00BDCE9C /* Main.storyboard in Resources */,
			);
			runOnlyForDeploymentPostprocessing = 0;
		};
/* End PBXResourcesBuildPhase section */

/* Begin PBXSourcesBuildPhase section */
		56EFB84F2982037E00BDCE9C /* Sources */ = {
			isa = PBXSourcesBuildPhase;
			buildActionMask = 2147483647;
			files = (
				56EFB85B2982037E00BDCE9C /* ViewController.swift in Sources */,
				56EFB8572982037E00BDCE9C /* AppDelegate.swift in Sources */,
				56EFB8592982037E00BDCE9C /* SceneDelegate.swift in Sources */,
				56626C782984A7F90028C3BA /* Postlar.swift in Sources */,
				56626C762984A7420028C3BA /* PostTableViewHucre.swift in Sources */,
			);
			runOnlyForDeploymentPostprocessing = 0;
		};
/* End PBXSourcesBuildPhase section */

/* Begin PBXVariantGroup section */
		56EFB85C2982037E00BDCE9C /* Main.storyboard */ = {
			isa = PBXVariantGroup;
			children = (
				56EFB85D2982037E00BDCE9C /* Base */,
			);
			name = Main.storyboard;
			sourceTree = "<group>";
		};
		56EFB8612982037F00BDCE9C /* LaunchScreen.storyboard */ = {
			isa = PBXVariantGroup;
			children = (
				56EFB8622982037F00BDCE9C /* Base */,
			);
			name = LaunchScreen.storyboard;
			sourceTree = "<group>";
		};
/* End PBXVariantGroup section */

/* Begin XCBuildConfiguration section */
		56EFB8652982037F00BDCE9C /* Debug */ = {
			isa = XCBuildConfiguration;
			buildSettings = {
				ALWAYS_SEARCH_USER_PATHS = NO;
				CLANG_ANALYZER_NONNULL = YES;
				CLANG_ANALYZER_NUMBER_OBJECT_CONVERSION = YES_AGGRESSIVE;
				CLANG_CXX_LANGUAGE_STANDARD = "gnu++20";
				CLANG_ENABLE_MODULES = YES;
				CLANG_ENABLE_OBJC_ARC = YES;
				CLANG_ENABLE_OBJC_WEAK = YES;
				CLANG_WARN_BLOCK_CAPTURE_AUTORELEASING = YES;
				CLANG_WARN_BOOL_CONVERSION = YES;
				CLANG_WARN_COMMA = YES;
				CLANG_WARN_CONSTANT_CONVERSION = YES;
				CLANG_WARN_DEPRECATED_OBJC_IMPLEMENTATIONS = YES;
				CLANG_WARN_DIRECT_OBJC_ISA_USAGE = YES_ERROR;
				CLANG_WARN_DOCUMENTATION_COMMENTS = YES;
				CLANG_WARN_EMPTY_BODY = YES;
				CLANG_WARN_ENUM_CONVERSION = YES;
				CLANG_WARN_INFINITE_RECURSION = YES;
				CLANG_WARN_INT_CONVERSION = YES;
				CLANG_WARN_NON_LITERAL_NULL_CONVERSION = YES;
				CLANG_WARN_OBJC_IMPLICIT_RETAIN_SELF = YES;
				CLANG_WARN_OBJC_LITERAL_CONVERSION = YES;
				CLANG_WARN_OBJC_ROOT_CLASS = YES_ERROR;
				CLANG_WARN_QUOTED_INCLUDE_IN_FRAMEWORK_HEADER = YES;
				CLANG_WARN_RANGE_LOOP_ANALYSIS = YES;
				CLANG_WARN_STRICT_PROTOTYPES = YES;
				CLANG_WARN_SUSPICIOUS_MOVE = YES;
				CLANG_WARN_UNGUARDED_AVAILABILITY = YES_AGGRESSIVE;
				CLANG_WARN_UNREACHABLE_CODE = YES;
				CLANG_WARN__DUPLICATE_METHOD_MATCH = YES;
				COPY_PHASE_STRIP = NO;
				DEBUG_INFORMATION_FORMAT = dwarf;
				ENABLE_STRICT_OBJC_MSGSEND = YES;
				ENABLE_TESTABILITY = YES;
				GCC_C_LANGUAGE_STANDARD = gnu11;
				GCC_DYNAMIC_NO_PIC = NO;
				GCC_NO_COMMON_BLOCKS = YES;
				GCC_OPTIMIZATION_LEVEL = 0;
				GCC_PREPROCESSOR_DEFINITIONS = (
					"DEBUG=1",
					"$(inherited)",
				);
				GCC_WARN_64_TO_32_BIT_CONVERSION = YES;
				GCC_WARN_ABOUT_RETURN_TYPE = YES_ERROR;
				GCC_WARN_UNDECLARED_SELECTOR = YES;
				GCC_WARN_UNINITIALIZED_AUTOS = YES_AGGRESSIVE;
				GCC_WARN_UNUSED_FUNCTION = YES;
				GCC_WARN_UNUSED_VARIABLE = YES;
				IPHONEOS_DEPLOYMENT_TARGET = 16.2;
				MTL_ENABLE_DEBUG_INFO = INCLUDE_SOURCE;
				MTL_FAST_MATH = YES;
				ONLY_ACTIVE_ARCH = YES;
				SDKROOT = iphoneos;
				SWIFT_ACTIVE_COMPILATION_CONDITIONS = DEBUG;
				SWIFT_OPTIMIZATION_LEVEL = "-Onone";
			};
			name = Debug;
		};
		56EFB8662982037F00BDCE9C /* Release */ = {
			isa = XCBuildConfiguration;
			buildSettings = {
				ALWAYS_SEARCH_USER_PATHS = NO;
				CLANG_ANALYZER_NONNULL = YES;
				CLANG_ANALYZER_NUMBER_OBJECT_CONVERSION = YES_AGGRESSIVE;
				CLANG_CXX_LANGUAGE_STANDARD = "gnu++20";
				CLANG_ENABLE_MODULES = YES;
				CLANG_ENABLE_OBJC_ARC = YES;
				CLANG_ENABLE_OBJC_WEAK = YES;
				CLANG_WARN_BLOCK_CAPTURE_AUTORELEASING = YES;
				CLANG_WARN_BOOL_CONVERSION = YES;
				CLANG_WARN_COMMA = YES;
				CLANG_WARN_CONSTANT_CONVERSION = YES;
				CLANG_WARN_DEPRECATED_OBJC_IMPLEMENTATIONS = YES;
				CLANG_WARN_DIRECT_OBJC_ISA_USAGE = YES_ERROR;
				CLANG_WARN_DOCUMENTATION_COMMENTS = YES;
				CLANG_WARN_EMPTY_BODY = YES;
				CLANG_WARN_ENUM_CONVERSION = YES;
				CLANG_WARN_INFINITE_RECURSION = YES;
				CLANG_WARN_INT_CONVERSION = YES;
				CLANG_WARN_NON_LITERAL_NULL_CONVERSION = YES;
				CLANG_WARN_OBJC_IMPLICIT_RETAIN_SELF = YES;
				CLANG_WARN_OBJC_LITERAL_CONVERSION = YES;
				CLANG_WARN_OBJC_ROOT_CLASS = YES_ERROR;
				CLANG_WARN_QUOTED_INCLUDE_IN_FRAMEWORK_HEADER = YES;
				CLANG_WARN_RANGE_LOOP_ANALYSIS = YES;
				CLANG_WARN_STRICT_PROTOTYPES = YES;
				CLANG_WARN_SUSPICIOUS_MOVE = YES;
				CLANG_WARN_UNGUARDED_AVAILABILITY = YES_AGGRESSIVE;
				CLANG_WARN_UNREACHABLE_CODE = YES;
				CLANG_WARN__DUPLICATE_METHOD_MATCH = YES;
				COPY_PHASE_STRIP = NO;
				DEBUG_INFORMATION_FORMAT = "dwarf-with-dsym";
				ENABLE_NS_ASSERTIONS = NO;
				ENABLE_STRICT_OBJC_MSGSEND = YES;
				GCC_C_LANGUAGE_STANDARD = gnu11;
				GCC_NO_COMMON_BLOCKS = YES;
				GCC_WARN_64_TO_32_BIT_CONVERSION = YES;
				GCC_WARN_ABOUT_RETURN_TYPE = YES_ERROR;
				GCC_WARN_UNDECLARED_SELECTOR = YES;
				GCC_WARN_UNINITIALIZED_AUTOS = YES_AGGRESSIVE;
				GCC_WARN_UNUSED_FUNCTION = YES;
				GCC_WARN_UNUSED_VARIABLE = YES;
				IPHONEOS_DEPLOYMENT_TARGET = 16.2;
				MTL_ENABLE_DEBUG_INFO = NO;
				MTL_FAST_MATH = YES;
				SDKROOT = iphoneos;
				SWIFT_COMPILATION_MODE = wholemodule;
				SWIFT_OPTIMIZATION_LEVEL = "-O";
				VALIDATE_PRODUCT = YES;
			};
			name = Release;
		};
		56EFB8682982037F00BDCE9C /* Debug */ = {
			isa = XCBuildConfiguration;
			buildSettings = {
				ASSETCATALOG_COMPILER_APPICON_NAME = AppIcon;
				ASSETCATALOG_COMPILER_GLOBAL_ACCENT_COLOR_NAME = AccentColor;
				CODE_SIGN_STYLE = Automatic;
				CURRENT_PROJECT_VERSION = 1;
				GENERATE_INFOPLIST_FILE = YES;
				INFOPLIST_FILE = "Ödev 6/Info.plist";
				INFOPLIST_KEY_UIApplicationSupportsIndirectInputEvents = YES;
				INFOPLIST_KEY_UILaunchStoryboardName = LaunchScreen;
				INFOPLIST_KEY_UIMainStoryboardFile = Main;
				INFOPLIST_KEY_UISupportedInterfaceOrientations_iPad = "UIInterfaceOrientationPortrait UIInterfaceOrientationPortraitUpsideDown UIInterfaceOrientationLandscapeLeft UIInterfaceOrientationLandscapeRight";
				INFOPLIST_KEY_UISupportedInterfaceOrientations_iPhone = "UIInterfaceOrientationPortrait UIInterfaceOrientationLandscapeLeft UIInterfaceOrientationLandscapeRight";
				LD_RUNPATH_SEARCH_PATHS = (
					"$(inherited)",
					"@executable_path/Frameworks",
				);
				MARKETING_VERSION = 1.0;
				PRODUCT_BUNDLE_IDENTIFIER = "com.info.O-dev-6";
				PRODUCT_NAME = "$(TARGET_NAME)";
				SWIFT_EMIT_LOC_STRINGS = YES;
				SWIFT_VERSION = 5.0;
				TARGETED_DEVICE_FAMILY = "1,2";
			};
			name = Debug;
		};
		56EFB8692982037F00BDCE9C /* Release */ = {
			isa = XCBuildConfiguration;
			buildSettings = {
				ASSETCATALOG_COMPILER_APPICON_NAME = AppIcon;
				ASSETCATALOG_COMPILER_GLOBAL_ACCENT_COLOR_NAME = AccentColor;
				CODE_SIGN_STYLE = Automatic;
				CURRENT_PROJECT_VERSION = 1;
				GENERATE_INFOPLIST_FILE = YES;
				INFOPLIST_FILE = "Ödev 6/Info.plist";
				INFOPLIST_KEY_UIApplicationSupportsIndirectInputEvents = YES;
				INFOPLIST_KEY_UILaunchStoryboardName = LaunchScreen;
				INFOPLIST_KEY_UIMainStoryboardFile = Main;
				INFOPLIST_KEY_UISupportedInterfaceOrientations_iPad = "UIInterfaceOrientationPortrait UIInterfaceOrientationPortraitUpsideDown UIInterfaceOrientationLandscapeLeft UIInterfaceOrientationLandscapeRight";
				INFOPLIST_KEY_UISupportedInterfaceOrientations_iPhone = "UIInterfaceOrientationPortrait UIInterfaceOrientationLandscapeLeft UIInterfaceOrientationLandscapeRight";
				LD_RUNPATH_SEARCH_PATHS = (
					"$(inherited)",
					"@executable_path/Frameworks",
				);
				MARKETING_VERSION = 1.0;
				PRODUCT_BUNDLE_IDENTIFIER = "com.info.O-dev-6";
				PRODUCT_NAME = "$(TARGET_NAME)";
				SWIFT_EMIT_LOC_STRINGS = YES;
				SWIFT_VERSION = 5.0;
				TARGETED_DEVICE_FAMILY = "1,2";
			};
			name = Release;
		};
/* End XCBuildConfiguration section */

/* Begin XCConfigurationList section */
		56EFB84E2982037E00BDCE9C /* Build configuration list for PBXProject "Ödev 6" */ = {
			isa = XCConfigurationList;
			buildConfigurations = (
				56EFB8652982037F00BDCE9C /* Debug */,
				56EFB8662982037F00BDCE9C /* Release */,
			);
			defaultConfigurationIsVisible = 0;
			defaultConfigurationName = Release;
		};
		56EFB8672982037F00BDCE9C /* Build configuration list for PBXNativeTarget "Ödev 6" */ = {
			isa = XCConfigurationList;
			buildConfigurations = (
				56EFB8682982037F00BDCE9C /* Debug */,
				56EFB8692982037F00BDCE9C /* Release */,
			);
			defaultConfigurationIsVisible = 0;
			defaultConfigurationName = Release;
		};
/* End XCConfigurationList section */
	};
	rootObject = 56EFB84B2982037E00BDCE9C /* Project object */;
}
